
Microsoft Visual Studio Solution File, Format Version 12.00
# Visual Studio Version 16
VisualStudioVersion = 16.0.31129.286
MinimumVisualStudioVersion = 10.0.40219.1
Project("{FAE04EC0-301F-11D3-BF4B-00C04F79EFBC}") = "baikiemtra", "baikiemtra\baikiemtra.csproj", "{B4DC95C5-8621-405F-BC5C-2294A992767E}"
EndProject
Global
	GlobalSection(SolutionConfigurationPlatforms) = preSolution
		Debug|Any CPU = Debug|Any CPU
		Release|Any CPU = Release|Any CPU
	EndGlobalSection
	GlobalSection(ProjectConfigurationPlatforms) = postSolution
		{B4DC95C5-8621-405F-BC5C-2294A992767E}.Debug|Any CPU.ActiveCfg = Debug|Any CPU
		{B4DC95C5-8621-405F-BC5C-2294A992767E}.Debug|Any CPU.Build.0 = Debug|Any CPU
		{B4DC95C5-8621-405F-BC5C-2294A992767E}.Release|Any CPU.ActiveCfg = Release|Any CPU
		{B4DC95C5-8621-405F-BC5C-2294A992767E}.Release|Any CPU.Build.0 = Release|Any CPU
	EndGlobalSection
	GlobalSection(SolutionProperties) = preSolution
		HideSolutionNode = FALSE
	EndGlobalSection
	GlobalSection(ExtensibilityGlobals) = postSolution
		SolutionGuid = {474279C1-1584-4A00-8C48-4E7942163051}
	EndGlobalSection
EndGlobal
