
Microsoft Visual Studio Solution File, Format Version 12.00
# Visual Studio Version 16
VisualStudioVersion = 16.0.31112.23
MinimumVisualStudioVersion = 10.0.40219.1
Project("{FAE04EC0-301F-11D3-BF4B-00C04F79EFBC}") = "câu lệnh vào ra", "câu lệnh vào ra\câu lệnh vào ra.csproj", "{CD87198E-8933-444B-BCAE-C148267DA7E3}"
EndProject
Global
	GlobalSection(SolutionConfigurationPlatforms) = preSolution
		Debug|Any CPU = Debug|Any CPU
		Release|Any CPU = Release|Any CPU
	EndGlobalSection
	GlobalSection(ProjectConfigurationPlatforms) = postSolution
		{CD87198E-8933-444B-BCAE-C148267DA7E3}.Debug|Any CPU.ActiveCfg = Debug|Any CPU
		{CD87198E-8933-444B-BCAE-C148267DA7E3}.Debug|Any CPU.Build.0 = Debug|Any CPU
		{CD87198E-8933-444B-BCAE-C148267DA7E3}.Release|Any CPU.ActiveCfg = Release|Any CPU
		{CD87198E-8933-444B-BCAE-C148267DA7E3}.Release|Any CPU.Build.0 = Release|Any CPU
	EndGlobalSection
	GlobalSection(SolutionProperties) = preSolution
		HideSolutionNode = FALSE
	EndGlobalSection
	GlobalSection(ExtensibilityGlobals) = postSolution
		SolutionGuid = {BFC3D39C-667B-45F7-908E-311FD05A8EB4}
	EndGlobalSection
EndGlobal
