
Microsoft Visual Studio Solution File, Format Version 12.00
# Visual Studio Version 16
VisualStudioVersion = 16.0.31112.23
MinimumVisualStudioVersion = 10.0.40219.1
Project("{FAE04EC0-301F-11D3-BF4B-00C04F79EFBC}") = "ConsoleApp2", "ConsoleApp2\ConsoleApp2.csproj", "{C00052CF-6F4E-4E06-9B92-B36BC456CF4C}"
EndProject
Global
	GlobalSection(SolutionConfigurationPlatforms) = preSolution
		Debug|Any CPU = Debug|Any CPU
		Release|Any CPU = Release|Any CPU
	EndGlobalSection
	GlobalSection(ProjectConfigurationPlatforms) = postSolution
		{C00052CF-6F4E-4E06-9B92-B36BC456CF4C}.Debug|Any CPU.ActiveCfg = Debug|Any CPU
		{C00052CF-6F4E-4E06-9B92-B36BC456CF4C}.Debug|Any CPU.Build.0 = Debug|Any CPU
		{C00052CF-6F4E-4E06-9B92-B36BC456CF4C}.Release|Any CPU.ActiveCfg = Release|Any CPU
		{C00052CF-6F4E-4E06-9B92-B36BC456CF4C}.Release|Any CPU.Build.0 = Release|Any CPU
	EndGlobalSection
	GlobalSection(SolutionProperties) = preSolution
		HideSolutionNode = FALSE
	EndGlobalSection
	GlobalSection(ExtensibilityGlobals) = postSolution
		SolutionGuid = {8901836E-5165-4FBE-986F-BA45419FE7E0}
	EndGlobalSection
EndGlobal
